
Microsoft Visual Studio Solution File, Format Version 12.00
# Visual Studio Version 16
VisualStudioVersion = 16.0.29418.71
MinimumVisualStudioVersion = 10.0.40219.1
Project("{FAE04EC0-301F-11D3-BF4B-00C04F79EFBC}") = "SP Generator", "SP Generator\SP Generator.csproj", "{ECA4FDA7-563C-45CD-9B40-0FB2ED0AC0EE}"
EndProject
Global
	GlobalSection(SolutionConfigurationPlatforms) = preSolution
		Debug|Any CPU = Debug|Any CPU
		Release|Any CPU = Release|Any CPU
	EndGlobalSection
	GlobalSection(ProjectConfigurationPlatforms) = postSolution
		{ECA4FDA7-563C-45CD-9B40-0FB2ED0AC0EE}.Debug|Any CPU.ActiveCfg = Debug|Any CPU
		{ECA4FDA7-563C-45CD-9B40-0FB2ED0AC0EE}.Debug|Any CPU.Build.0 = Debug|Any CPU
		{ECA4FDA7-563C-45CD-9B40-0FB2ED0AC0EE}.Release|Any CPU.ActiveCfg = Release|Any CPU
		{ECA4FDA7-563C-45CD-9B40-0FB2ED0AC0EE}.Release|Any CPU.Build.0 = Release|Any CPU
	EndGlobalSection
	GlobalSection(SolutionProperties) = preSolution
		HideSolutionNode = FALSE
	EndGlobalSection
	GlobalSection(ExtensibilityGlobals) = postSolution
		SolutionGuid = {DDE6D611-EA76-4099-AF59-38931335BDD9}
	EndGlobalSection
EndGlobal
